// !$*UTF8*$!
{
	archiveVersion = 1;
	classes = {
	};
	objectVersion = 77;
	objects = {

/* Begin PBXBuildFile section */
		1F6707036C214D7A8E253B95FD2FDDEC /* build_for_distribution.sh in Resources */ = {isa = PBXBuildFile; fileRef = C4141814513C414C944ADBBFCBEAE368 /* build_for_distribution.sh */; };
		3F65EC5B55094D3EA321FA253CCDF33F /* LICENSE in Resources */ = {isa = PBXBuildFile; fileRef = 44894625A4334566A886CE7505A8A923 /* LICENSE */; };
		42219FD72E4295F60011E5DC /* CLAUDE.md in Resources */ = {isa = PBXBuildFile; fileRef = 42219FD62E4295EE0011E5DC /* CLAUDE.md */; };
		428E01CA2E70DCF800B54AB7 /* SwiftChatCompletionsDSL in Frameworks */ = {isa = PBXBuildFile; productRef = 42B5DC2D2E70B7F600F3716E /* SwiftChatCompletionsDSL */; };
		42B1AA612E788A3F00A424A3 /* ShowroomParser in Frameworks */ = {isa = PBXBuildFile; productRef = 42B1AA602E788A3F00A424A3 /* ShowroomParser */; };
		42B1AA642E788A5F00A424A3 /* SwiftChatCompletionsDSL in Frameworks */ = {isa = PBXBuildFile; productRef = 42B1AA632E788A5F00A424A3 /* SwiftChatCompletionsDSL */; };
		42B5DCDC2E70BF9600F3716E /* Yams in Frameworks */ = {isa = PBXBuildFile; productRef = 42B5DCDB2E70BF9600F3716E /* Yams */; };
		42FF4D792E7B2D9D006404CE /* MarkdownUI in Frameworks */ = {isa = PBXBuildFile; productRef = 42FF4D782E7B2D9D006404CE /* MarkdownUI */; };
		49C9ABAAF06F42218BCA2CA0B92860DD /* README.md in Resources */ = {isa = PBXBuildFile; fileRef = E92E43D69B774710935FF0D83741EAC1 /* README.md */; };
		567D80B985BD48BF84EBA56DFF3B041C /* .gitignore in Resources */ = {isa = PBXBuildFile; fileRef = B661EAE2DE024A5E93C9A78362FEAA14 /* .gitignore */; };
		62F8A024B5104C6BA4BD219A9525C864 /* DISTRIBUTION_GUIDE.md in Resources */ = {isa = PBXBuildFile; fileRef = C5DDE51F357C4E6999233A6B19F184BC /* DISTRIBUTION_GUIDE.md */; };
		6A71D55848FF4A4B84ED718F6C0D954C /* TEAM_INSTRUCTIONS.md in Resources */ = {isa = PBXBuildFile; fileRef = F55FD76B44514A0EB214E27F0061E2B3 /* TEAM_INSTRUCTIONS.md */; };
		A9E6DDFF74BF4601BC34C41AD33164DF /* NOTICE in Resources */ = {isa = PBXBuildFile; fileRef = 0A0BA42204FA469B812E9CE167948A78 /* NOTICE */; };
/* End PBXBuildFile section */

/* Begin PBXContainerItemProxy section */
		42219FBA2E426DF40011E5DC /* PBXContainerItemProxy */ = {
			isa = PBXContainerItemProxy;
			containerPortal = 42219FA22E426DF30011E5DC /* Project object */;
			proxyType = 1;
			remoteGlobalIDString = 42219FA92E426DF30011E5DC;
			remoteInfo = ShowroomAgentMVP;
		};
		42219FC42E426DF40011E5DC /* PBXContainerItemProxy */ = {
			isa = PBXContainerItemProxy;
			containerPortal = 42219FA22E426DF30011E5DC /* Project object */;
			proxyType = 1;
			remoteGlobalIDString = 42219FA92E426DF30011E5DC;
			remoteInfo = ShowroomAgentMVP;
		};
/* End PBXContainerItemProxy section */

/* Begin PBXFileReference section */
		0A0BA42204FA469B812E9CE167948A78 /* NOTICE */ = {isa = PBXFileReference; lastKnownFileType = text; path = NOTICE; sourceTree = "<group>"; };
		42219FAA2E426DF30011E5DC /* ShowroomAgentMVP.app */ = {isa = PBXFileReference; explicitFileType = wrapper.application; includeInIndex = 0; path = ShowroomAgentMVP.app; sourceTree = BUILT_PRODUCTS_DIR; };
		42219FB92E426DF40011E5DC /* ShowroomAgentMVPTests.xctest */ = {isa = PBXFileReference; explicitFileType = wrapper.cfbundle; includeInIndex = 0; path = ShowroomAgentMVPTests.xctest; sourceTree = BUILT_PRODUCTS_DIR; };
		42219FC32E426DF40011E5DC /* ShowroomAgentMVPUITests.xctest */ = {isa = PBXFileReference; explicitFileType = wrapper.cfbundle; includeInIndex = 0; path = ShowroomAgentMVPUITests.xctest; sourceTree = BUILT_PRODUCTS_DIR; };
		42219FD62E4295EE0011E5DC /* CLAUDE.md */ = {isa = PBXFileReference; lastKnownFileType = net.daringfireball.markdown; path = CLAUDE.md; sourceTree = "<group>"; };
		44894625A4334566A886CE7505A8A923 /* LICENSE */ = {isa = PBXFileReference; lastKnownFileType = text; path = LICENSE; sourceTree = "<group>"; };
		B661EAE2DE024A5E93C9A78362FEAA14 /* .gitignore */ = {isa = PBXFileReference; lastKnownFileType = text; path = .gitignore; sourceTree = "<group>"; };
		C4141814513C414C944ADBBFCBEAE368 /* build_for_distribution.sh */ = {isa = PBXFileReference; lastKnownFileType = text.script.sh; path = build_for_distribution.sh; sourceTree = "<group>"; };
		C5DDE51F357C4E6999233A6B19F184BC /* DISTRIBUTION_GUIDE.md */ = {isa = PBXFileReference; lastKnownFileType = net.daringfireball.markdown; path = DISTRIBUTION_GUIDE.md; sourceTree = "<group>"; };
		E92E43D69B774710935FF0D83741EAC1 /* README.md */ = {isa = PBXFileReference; lastKnownFileType = net.daringfireball.markdown; path = README.md; sourceTree = "<group>"; };
		F55FD76B44514A0EB214E27F0061E2B3 /* TEAM_INSTRUCTIONS.md */ = {isa = PBXFileReference; lastKnownFileType = net.daringfireball.markdown; path = TEAM_INSTRUCTIONS.md; sourceTree = "<group>"; };
/* End PBXFileReference section */

/* Begin PBXFileSystemSynchronizedRootGroup section */
		42219FAC2E426DF30011E5DC /* ShowroomAgentMVP */ = {
			isa = PBXFileSystemSynchronizedRootGroup;
			path = ShowroomAgentMVP;
			sourceTree = "<group>";
		};
		42219FBC2E426DF40011E5DC /* ShowroomAgentMVPTests */ = {
			isa = PBXFileSystemSynchronizedRootGroup;
			path = ShowroomAgentMVPTests;
			sourceTree = "<group>";
		};
		42219FC62E426DF40011E5DC /* ShowroomAgentMVPUITests */ = {
			isa = PBXFileSystemSynchronizedRootGroup;
			path = ShowroomAgentMVPUITests;
			sourceTree = "<group>";
		};
		428E01E42E70DFCC00B54AB7 /* Specs */ = {
			isa = PBXFileSystemSynchronizedRootGroup;
			path = Specs;
			sourceTree = "<group>";
		};
/* End PBXFileSystemSynchronizedRootGroup section */

/* Begin PBXFrameworksBuildPhase section */
		42219FA72E426DF30011E5DC /* Frameworks */ = {
			isa = PBXFrameworksBuildPhase;
			buildActionMask = 2147483647;
			files = (
				42B1AA642E788A5F00A424A3 /* SwiftChatCompletionsDSL in Frameworks */,
				428E01CA2E70DCF800B54AB7 /* SwiftChatCompletionsDSL in Frameworks */,
				42B5DCDC2E70BF9600F3716E /* Yams in Frameworks */,
				42B1AA612E788A3F00A424A3 /* ShowroomParser in Frameworks */,
				42FF4D792E7B2D9D006404CE /* MarkdownUI in Frameworks */,
			);
			runOnlyForDeploymentPostprocessing = 0;
		};
		42219FB62E426DF40011E5DC /* Frameworks */ = {
			isa = PBXFrameworksBuildPhase;
			buildActionMask = 2147483647;
			files = (
			);
			runOnlyForDeploymentPostprocessing = 0;
		};
		42219FC02E426DF40011E5DC /* Frameworks */ = {
			isa = PBXFrameworksBuildPhase;
			buildActionMask = 2147483647;
			files = (
			);
			runOnlyForDeploymentPostprocessing = 0;
		};
/* End PBXFrameworksBuildPhase section */

/* Begin PBXGroup section */
		42219FA12E426DF30011E5DC = {
			isa = PBXGroup;
			children = (
				E92E43D69B774710935FF0D83741EAC1 /* README.md */,
				42219FD62E4295EE0011E5DC /* CLAUDE.md */,
				C5DDE51F357C4E6999233A6B19F184BC /* DISTRIBUTION_GUIDE.md */,
				F55FD76B44514A0EB214E27F0061E2B3 /* TEAM_INSTRUCTIONS.md */,
				44894625A4334566A886CE7505A8A923 /* LICENSE */,
				0A0BA42204FA469B812E9CE167948A78 /* NOTICE */,
				B661EAE2DE024A5E93C9A78362FEAA14 /* .gitignore */,
				C4141814513C414C944ADBBFCBEAE368 /* build_for_distribution.sh */,
				428E01E42E70DFCC00B54AB7 /* Specs */,
				42219FAC2E426DF30011E5DC /* ShowroomAgentMVP */,
				42219FBC2E426DF40011E5DC /* ShowroomAgentMVPTests */,
				42219FC62E426DF40011E5DC /* ShowroomAgentMVPUITests */,
				42219FAB2E426DF30011E5DC /* Products */,
			);
			sourceTree = "<group>";
		};
		42219FAB2E426DF30011E5DC /* Products */ = {
			isa = PBXGroup;
			children = (
				42219FAA2E426DF30011E5DC /* ShowroomAgentMVP.app */,
				42219FB92E426DF40011E5DC /* ShowroomAgentMVPTests.xctest */,
				42219FC32E426DF40011E5DC /* ShowroomAgentMVPUITests.xctest */,
			);
			name = Products;
			sourceTree = "<group>";
		};
/* End PBXGroup section */

/* Begin PBXNativeTarget section */
		42219FA92E426DF30011E5DC /* ShowroomAgentMVP */ = {
			isa = PBXNativeTarget;
			buildConfigurationList = 42219FCD2E426DF40011E5DC /* Build configuration list for PBXNativeTarget "ShowroomAgentMVP" */;
			buildPhases = (
				42219FA62E426DF30011E5DC /* Sources */,
				42219FA72E426DF30011E5DC /* Frameworks */,
				42219FA82E426DF30011E5DC /* Resources */,
			);
			buildRules = (
			);
			dependencies = (
				42B5DCDE2E70BFE300F3716E /* PBXTargetDependency */,
			);
			fileSystemSynchronizedGroups = (
				42219FAC2E426DF30011E5DC /* ShowroomAgentMVP */,
				428E01E42E70DFCC00B54AB7 /* Specs */,
			);
			name = ShowroomAgentMVP;
			packageProductDependencies = (
				42B5DC2D2E70B7F600F3716E /* SwiftChatCompletionsDSL */,
				42B5DCDB2E70BF9600F3716E /* Yams */,
				42B1AA602E788A3F00A424A3 /* ShowroomParser */,
				42B1AA632E788A5F00A424A3 /* SwiftChatCompletionsDSL */,
				42FF4D782E7B2D9D006404CE /* MarkdownUI */,
			);
			productName = ShowroomAgentMVP;
			productReference = 42219FAA2E426DF30011E5DC /* ShowroomAgentMVP.app */;
			productType = "com.apple.product-type.application";
		};
		42219FB82E426DF40011E5DC /* ShowroomAgentMVPTests */ = {
			isa = PBXNativeTarget;
			buildConfigurationList = 42219FD02E426DF40011E5DC /* Build configuration list for PBXNativeTarget "ShowroomAgentMVPTests" */;
			buildPhases = (
				42219FB52E426DF40011E5DC /* Sources */,
				42219FB62E426DF40011E5DC /* Frameworks */,
				42219FB72E426DF40011E5DC /* Resources */,
			);
			buildRules = (
			);
			dependencies = (
				42219FBB2E426DF40011E5DC /* PBXTargetDependency */,
			);
			fileSystemSynchronizedGroups = (
				42219FBC2E426DF40011E5DC /* ShowroomAgentMVPTests */,
			);
			name = ShowroomAgentMVPTests;
			packageProductDependencies = (
			);
			productName = ShowroomAgentMVPTests;
			productReference = 42219FB92E426DF40011E5DC /* ShowroomAgentMVPTests.xctest */;
			productType = "com.apple.product-type.bundle.unit-test";
		};
		42219FC22E426DF40011E5DC /* ShowroomAgentMVPUITests */ = {
			isa = PBXNativeTarget;
			buildConfigurationList = 42219FD32E426DF40011E5DC /* Build configuration list for PBXNativeTarget "ShowroomAgentMVPUITests" */;
			buildPhases = (
				42219FBF2E426DF40011E5DC /* Sources */,
				42219FC02E426DF40011E5DC /* Frameworks */,
				42219FC12E426DF40011E5DC /* Resources */,
			);
			buildRules = (
			);
			dependencies = (
				42219FC52E426DF40011E5DC /* PBXTargetDependency */,
			);
			fileSystemSynchronizedGroups = (
				42219FC62E426DF40011E5DC /* ShowroomAgentMVPUITests */,
			);
			name = ShowroomAgentMVPUITests;
			packageProductDependencies = (
			);
			productName = ShowroomAgentMVPUITests;
			productReference = 42219FC32E426DF40011E5DC /* ShowroomAgentMVPUITests.xctest */;
			productType = "com.apple.product-type.bundle.ui-testing";
		};
/* End PBXNativeTarget section */

/* Begin PBXProject section */
		42219FA22E426DF30011E5DC /* Project object */ = {
			isa = PBXProject;
			attributes = {
				BuildIndependentTargetsInParallel = 1;
				LastSwiftUpdateCheck = 2600;
				LastUpgradeCheck = 2600;
				TargetAttributes = {
					42219FA92E426DF30011E5DC = {
						CreatedOnToolsVersion = 26.0;
					};
					42219FB82E426DF40011E5DC = {
						CreatedOnToolsVersion = 26.0;
						TestTargetID = 42219FA92E426DF30011E5DC;
					};
					42219FC22E426DF40011E5DC = {
						CreatedOnToolsVersion = 26.0;
						TestTargetID = 42219FA92E426DF30011E5DC;
					};
				};
			};
			buildConfigurationList = 42219FA52E426DF30011E5DC /* Build configuration list for PBXProject "ShowroomAgentMVP" */;
			developmentRegion = en;
			hasScannedForEncodings = 0;
			knownRegions = (
				en,
				Base,
			);
			mainGroup = 42219FA12E426DF30011E5DC;
			minimizedProjectReferenceProxies = 1;
			packageReferences = (
				42B5DCDA2E70BF9600F3716E /* XCRemoteSwiftPackageReference "Yams" */,
				42B1AA5F2E788A3F00A424A3 /* XCRemoteSwiftPackageReference "ShowroomParser" */,
				42B1AA622E788A5F00A424A3 /* XCRemoteSwiftPackageReference "SwiftChatCompletionsDSL" */,
				42FF4D772E7B2D9D006404CE /* XCRemoteSwiftPackageReference "swift-markdown-ui" */,
			);
			preferredProjectObjectVersion = 77;
			productRefGroup = 42219FAB2E426DF30011E5DC /* Products */;
			projectDirPath = "";
			projectRoot = "";
			targets = (
				42219FA92E426DF30011E5DC /* ShowroomAgentMVP */,
				42219FB82E426DF40011E5DC /* ShowroomAgentMVPTests */,
				42219FC22E426DF40011E5DC /* ShowroomAgentMVPUITests */,
			);
		};
/* End PBXProject section */

/* Begin PBXResourcesBuildPhase section */
		42219FA82E426DF30011E5DC /* Resources */ = {
			isa = PBXResourcesBuildPhase;
			buildActionMask = 2147483647;
			files = (
				42219FD72E4295F60011E5DC /* CLAUDE.md in Resources */,
				49C9ABAAF06F42218BCA2CA0B92860DD /* README.md in Resources */,
				62F8A024B5104C6BA4BD219A9525C864 /* DISTRIBUTION_GUIDE.md in Resources */,
				6A71D55848FF4A4B84ED718F6C0D954C /* TEAM_INSTRUCTIONS.md in Resources */,
				3F65EC5B55094D3EA321FA253CCDF33F /* LICENSE in Resources */,
				A9E6DDFF74BF4601BC34C41AD33164DF /* NOTICE in Resources */,
				567D80B985BD48BF84EBA56DFF3B041C /* .gitignore in Resources */,
				1F6707036C214D7A8E253B95FD2FDDEC /* build_for_distribution.sh in Resources */,
			);
			runOnlyForDeploymentPostprocessing = 0;
		};
		42219FB72E426DF40011E5DC /* Resources */ = {
			isa = PBXResourcesBuildPhase;
			buildActionMask = 2147483647;
			files = (
			);
			runOnlyForDeploymentPostprocessing = 0;
		};
		42219FC12E426DF40011E5DC /* Resources */ = {
			isa = PBXResourcesBuildPhase;
			buildActionMask = 2147483647;
			files = (
			);
			runOnlyForDeploymentPostprocessing = 0;
		};
/* End PBXResourcesBuildPhase section */

/* Begin PBXSourcesBuildPhase section */
		42219FA62E426DF30011E5DC /* Sources */ = {
			isa = PBXSourcesBuildPhase;
			buildActionMask = 2147483647;
			files = (
			);
			runOnlyForDeploymentPostprocessing = 0;
		};
		42219FB52E426DF40011E5DC /* Sources */ = {
			isa = PBXSourcesBuildPhase;
			buildActionMask = 2147483647;
			files = (
			);
			runOnlyForDeploymentPostprocessing = 0;
		};
		42219FBF2E426DF40011E5DC /* Sources */ = {
			isa = PBXSourcesBuildPhase;
			buildActionMask = 2147483647;
			files = (
			);
			runOnlyForDeploymentPostprocessing = 0;
		};
/* End PBXSourcesBuildPhase section */

/* Begin PBXTargetDependency section */
		42219FBB2E426DF40011E5DC /* PBXTargetDependency */ = {
			isa = PBXTargetDependency;
			target = 42219FA92E426DF30011E5DC /* ShowroomAgentMVP */;
			targetProxy = 42219FBA2E426DF40011E5DC /* PBXContainerItemProxy */;
		};
		42219FC52E426DF40011E5DC /* PBXTargetDependency */ = {
			isa = PBXTargetDependency;
			target = 42219FA92E426DF30011E5DC /* ShowroomAgentMVP */;
			targetProxy = 42219FC42E426DF40011E5DC /* PBXContainerItemProxy */;
		};
		42B5DCDE2E70BFE300F3716E /* PBXTargetDependency */ = {
			isa = PBXTargetDependency;
			productRef = 42B5DCDD2E70BFE300F3716E /* Yams */;
		};
/* End PBXTargetDependency section */

/* Begin XCBuildConfiguration section */
		42219FCB2E426DF40011E5DC /* Debug */ = {
			isa = XCBuildConfiguration;
			buildSettings = {
				ALWAYS_SEARCH_USER_PATHS = NO;
				ASSETCATALOG_COMPILER_GENERATE_SWIFT_ASSET_SYMBOL_EXTENSIONS = YES;
				CLANG_ANALYZER_NONNULL = YES;
				CLANG_ANALYZER_NUMBER_OBJECT_CONVERSION = YES_AGGRESSIVE;
				CLANG_CXX_LANGUAGE_STANDARD = "gnu++20";
				CLANG_ENABLE_MODULES = YES;
				CLANG_ENABLE_OBJC_ARC = YES;
				CLANG_ENABLE_OBJC_WEAK = YES;
				CLANG_WARN_BLOCK_CAPTURE_AUTORELEASING = YES;
				CLANG_WARN_BOOL_CONVERSION = YES;
				CLANG_WARN_COMMA = YES;
				CLANG_WARN_CONSTANT_CONVERSION = YES;
				CLANG_WARN_DEPRECATED_OBJC_IMPLEMENTATIONS = YES;
				CLANG_WARN_DIRECT_OBJC_ISA_USAGE = YES_ERROR;
				CLANG_WARN_DOCUMENTATION_COMMENTS = YES;
				CLANG_WARN_EMPTY_BODY = YES;
				CLANG_WARN_ENUM_CONVERSION = YES;
				CLANG_WARN_INFINITE_RECURSION = YES;
				CLANG_WARN_INT_CONVERSION = YES;
				CLANG_WARN_NON_LITERAL_NULL_CONVERSION = YES;
				CLANG_WARN_OBJC_IMPLICIT_RETAIN_SELF = YES;
				CLANG_WARN_OBJC_LITERAL_CONVERSION = YES;
				CLANG_WARN_OBJC_ROOT_CLASS = YES_ERROR;
				CLANG_WARN_QUOTED_INCLUDE_IN_FRAMEWORK_HEADER = YES;
				CLANG_WARN_RANGE_LOOP_ANALYSIS = YES;
				CLANG_WARN_STRICT_PROTOTYPES = YES;
				CLANG_WARN_SUSPICIOUS_MOVE = YES;
				CLANG_WARN_UNGUARDED_AVAILABILITY = YES_AGGRESSIVE;
				CLANG_WARN_UNREACHABLE_CODE = YES;
				CLANG_WARN__DUPLICATE_METHOD_MATCH = YES;
				COPY_PHASE_STRIP = NO;
				DEBUG_INFORMATION_FORMAT = dwarf;
				DEVELOPMENT_TEAM = YWJU9P6KL8;
				ENABLE_STRICT_OBJC_MSGSEND = YES;
				ENABLE_TESTABILITY = YES;
				ENABLE_USER_SCRIPT_SANDBOXING = YES;
				GCC_C_LANGUAGE_STANDARD = gnu17;
				GCC_DYNAMIC_NO_PIC = NO;
				GCC_NO_COMMON_BLOCKS = YES;
				GCC_OPTIMIZATION_LEVEL = 0;
				GCC_PREPROCESSOR_DEFINITIONS = (
					"DEBUG=1",
					"$(inherited)",
				);
				GCC_WARN_64_TO_32_BIT_CONVERSION = YES;
				GCC_WARN_ABOUT_RETURN_TYPE = YES_ERROR;
				GCC_WARN_UNDECLARED_SELECTOR = YES;
				GCC_WARN_UNINITIALIZED_AUTOS = YES_AGGRESSIVE;
				GCC_WARN_UNUSED_FUNCTION = YES;
				GCC_WARN_UNUSED_VARIABLE = YES;
				LOCALIZATION_PREFERS_STRING_CATALOGS = YES;
				MACOSX_DEPLOYMENT_TARGET = 15.5;
				MTL_ENABLE_DEBUG_INFO = INCLUDE_SOURCE;
				MTL_FAST_MATH = YES;
				ONLY_ACTIVE_ARCH = YES;
				OTHER_SWIFT_FLAGS = "-enable-experimental-feature Macros -enable-experimental-feature StringProcessing";
				SDKROOT = macosx;
				SWIFT_ACTIVE_COMPILATION_CONDITIONS = "DEBUG $(inherited)";
				SWIFT_OPTIMIZATION_LEVEL = "-Onone";
				SWIFT_VERSION = 6.1;
			};
			name = Debug;
		};
		42219FCC2E426DF40011E5DC /* Release */ = {
			isa = XCBuildConfiguration;
			buildSettings = {
				ALWAYS_SEARCH_USER_PATHS = NO;
				ASSETCATALOG_COMPILER_GENERATE_SWIFT_ASSET_SYMBOL_EXTENSIONS = YES;
				CLANG_ANALYZER_NONNULL = YES;
				CLANG_ANALYZER_NUMBER_OBJECT_CONVERSION = YES_AGGRESSIVE;
				CLANG_CXX_LANGUAGE_STANDARD = "gnu++20";
				CLANG_ENABLE_MODULES = YES;
				CLANG_ENABLE_OBJC_ARC = YES;
				CLANG_ENABLE_OBJC_WEAK = YES;
				CLANG_WARN_BLOCK_CAPTURE_AUTORELEASING = YES;
				CLANG_WARN_BOOL_CONVERSION = YES;
				CLANG_WARN_COMMA = YES;
				CLANG_WARN_CONSTANT_CONVERSION = YES;
				CLANG_WARN_DEPRECATED_OBJC_IMPLEMENTATIONS = YES;
				CLANG_WARN_DIRECT_OBJC_ISA_USAGE = YES_ERROR;
				CLANG_WARN_DOCUMENTATION_COMMENTS = YES;
				CLANG_WARN_EMPTY_BODY = YES;
				CLANG_WARN_ENUM_CONVERSION = YES;
				CLANG_WARN_INFINITE_RECURSION = YES;
				CLANG_WARN_INT_CONVERSION = YES;
				CLANG_WARN_NON_LITERAL_NULL_CONVERSION = YES;
				CLANG_WARN_OBJC_IMPLICIT_RETAIN_SELF = YES;
				CLANG_WARN_OBJC_LITERAL_CONVERSION = YES;
				CLANG_WARN_OBJC_ROOT_CLASS = YES_ERROR;
				CLANG_WARN_QUOTED_INCLUDE_IN_FRAMEWORK_HEADER = YES;
				CLANG_WARN_RANGE_LOOP_ANALYSIS = YES;
				CLANG_WARN_STRICT_PROTOTYPES = YES;
				CLANG_WARN_SUSPICIOUS_MOVE = YES;
				CLANG_WARN_UNGUARDED_AVAILABILITY = YES_AGGRESSIVE;
				CLANG_WARN_UNREACHABLE_CODE = YES;
				CLANG_WARN__DUPLICATE_METHOD_MATCH = YES;
				COPY_PHASE_STRIP = NO;
				DEBUG_INFORMATION_FORMAT = "dwarf-with-dsym";
				DEVELOPMENT_TEAM = YWJU9P6KL8;
				ENABLE_NS_ASSERTIONS = NO;
				ENABLE_STRICT_OBJC_MSGSEND = YES;
				ENABLE_USER_SCRIPT_SANDBOXING = YES;
				GCC_C_LANGUAGE_STANDARD = gnu17;
				GCC_NO_COMMON_BLOCKS = YES;
				GCC_WARN_64_TO_32_BIT_CONVERSION = YES;
				GCC_WARN_ABOUT_RETURN_TYPE = YES_ERROR;
				GCC_WARN_UNDECLARED_SELECTOR = YES;
				GCC_WARN_UNINITIALIZED_AUTOS = YES_AGGRESSIVE;
				GCC_WARN_UNUSED_FUNCTION = YES;
				GCC_WARN_UNUSED_VARIABLE = YES;
				LOCALIZATION_PREFERS_STRING_CATALOGS = YES;
				MACOSX_DEPLOYMENT_TARGET = 15.5;
				MTL_ENABLE_DEBUG_INFO = NO;
				MTL_FAST_MATH = YES;
				OTHER_SWIFT_FLAGS = "-enable-experimental-feature Macros -enable-experimental-feature StringProcessing";
				SDKROOT = macosx;
				SWIFT_COMPILATION_MODE = wholemodule;
				SWIFT_VERSION = 6.1;
			};
			name = Release;
		};
		42219FCE2E426DF40011E5DC /* Debug */ = {
			isa = XCBuildConfiguration;
			buildSettings = {
				ASSETCATALOG_COMPILER_APPICON_NAME = AppIcon;
				ASSETCATALOG_COMPILER_GLOBAL_ACCENT_COLOR_NAME = AccentColor;
				CODE_SIGN_IDENTITY = "";
				CODE_SIGN_STYLE = Manual;
				COMBINE_HIDPI_IMAGES = YES;
				CURRENT_PROJECT_VERSION = 1;
				DEVELOPMENT_TEAM = YWJU9P6KL8;
				ENABLE_APP_SANDBOX = NO;
				ENABLE_HARDENED_RUNTIME = NO;
				ENABLE_INCOMING_NETWORK_CONNECTIONS = NO;
				ENABLE_OUTGOING_NETWORK_CONNECTIONS = YES;
				ENABLE_PREVIEWS = YES;
				ENABLE_RESOURCE_ACCESS_AUDIO_INPUT = NO;
				ENABLE_RESOURCE_ACCESS_BLUETOOTH = NO;
				ENABLE_RESOURCE_ACCESS_CALENDARS = NO;
				ENABLE_RESOURCE_ACCESS_CAMERA = NO;
				ENABLE_RESOURCE_ACCESS_CONTACTS = NO;
				ENABLE_RESOURCE_ACCESS_LOCATION = NO;
				ENABLE_RESOURCE_ACCESS_PRINTING = NO;
				ENABLE_RESOURCE_ACCESS_USB = NO;
				ENABLE_USER_SELECTED_FILES = readwrite;
				GENERATE_INFOPLIST_FILE = YES;
				INFOPLIST_KEY_CFBundleShortVersionString = "$(MARKETING_VERSION)";
				INFOPLIST_KEY_CFBundleVersion = "$(CURRENT_PROJECT_VERSION)";
				INFOPLIST_KEY_NSHumanReadableCopyright = "";
				LD_RUNPATH_SEARCH_PATHS = (
					"$(inherited)",
					"@executable_path/../Frameworks",
				);
				LIBRARY_SEARCH_PATHS = /Applications/Xcode.app/Contents/Developer/Toolchains/XcodeDefault.xctoolchain/usr/lib/swift/macosx;
				MACOSX_DEPLOYMENT_TARGET = 15.5;
				MARKETING_VERSION = 1.0;
				PRODUCT_BUNDLE_IDENTIFIER = com.naszcyniec.ShowroomAgentMVP;
				PRODUCT_NAME = "$(TARGET_NAME)";
				REGISTER_APP_GROUPS = YES;
				STRING_CATALOG_GENERATE_SYMBOLS = YES;
				SUPPORTED_PLATFORMS = macosx;
				SUPPORTS_MACCATALYST = NO;
				SWIFT_APPROACHABLE_CONCURRENCY = YES;
				SWIFT_DEFAULT_ACTOR_ISOLATION = MainActor;
				SWIFT_EMIT_LOC_STRINGS = YES;
				SWIFT_UPCOMING_FEATURE_MEMBER_IMPORT_VISIBILITY = YES;
				SWIFT_VERSION = 6.1;
			};
			name = Debug;
		};
		42219FCF2E426DF40011E5DC /* Release */ = {
			isa = XCBuildConfiguration;
			buildSettings = {
				ASSETCATALOG_COMPILER_APPICON_NAME = AppIcon;
				ASSETCATALOG_COMPILER_GLOBAL_ACCENT_COLOR_NAME = AccentColor;
				CODE_SIGN_IDENTITY = "";
				CODE_SIGN_STYLE = Manual;
				COMBINE_HIDPI_IMAGES = YES;
				CURRENT_PROJECT_VERSION = 1;
				DEVELOPMENT_TEAM = YWJU9P6KL8;
				ENABLE_APP_SANDBOX = NO;
				ENABLE_HARDENED_RUNTIME = NO;
				ENABLE_INCOMING_NETWORK_CONNECTIONS = NO;
				ENABLE_OUTGOING_NETWORK_CONNECTIONS = YES;
				ENABLE_PREVIEWS = YES;
				ENABLE_RESOURCE_ACCESS_AUDIO_INPUT = NO;
				ENABLE_RESOURCE_ACCESS_BLUETOOTH = NO;
				ENABLE_RESOURCE_ACCESS_CALENDARS = NO;
				ENABLE_RESOURCE_ACCESS_CAMERA = NO;
				ENABLE_RESOURCE_ACCESS_CONTACTS = NO;
				ENABLE_RESOURCE_ACCESS_LOCATION = NO;
				ENABLE_RESOURCE_ACCESS_PRINTING = NO;
				ENABLE_RESOURCE_ACCESS_USB = NO;
				ENABLE_USER_SELECTED_FILES = readwrite;
				GENERATE_INFOPLIST_FILE = YES;
				INFOPLIST_KEY_CFBundleShortVersionString = "$(MARKETING_VERSION)";
				INFOPLIST_KEY_CFBundleVersion = "$(CURRENT_PROJECT_VERSION)";
				INFOPLIST_KEY_NSHumanReadableCopyright = "";
				LD_RUNPATH_SEARCH_PATHS = (
					"$(inherited)",
					"@executable_path/../Frameworks",
				);
				LIBRARY_SEARCH_PATHS = /Applications/Xcode.app/Contents/Developer/Toolchains/XcodeDefault.xctoolchain/usr/lib/swift/macosx;
				MACOSX_DEPLOYMENT_TARGET = 15.5;
				MARKETING_VERSION = 1.0;
				OTHER_SWIFT_FLAGS = "-enable-experimental-feature Macros -enable-experimental-feature StringProcessing";
				PRODUCT_BUNDLE_IDENTIFIER = com.naszcyniec.ShowroomAgentMVP;
				PRODUCT_NAME = "$(TARGET_NAME)";
				REGISTER_APP_GROUPS = YES;
				STRING_CATALOG_GENERATE_SYMBOLS = YES;
				SUPPORTED_PLATFORMS = macosx;
				SUPPORTS_MACCATALYST = NO;
				SWIFT_APPROACHABLE_CONCURRENCY = YES;
				SWIFT_DEFAULT_ACTOR_ISOLATION = MainActor;
				SWIFT_EMIT_LOC_STRINGS = YES;
				SWIFT_UPCOMING_FEATURE_MEMBER_IMPORT_VISIBILITY = YES;
				SWIFT_VERSION = 6.1;
			};
			name = Release;
		};
		42219FD12E426DF40011E5DC /* Debug */ = {
			isa = XCBuildConfiguration;
			buildSettings = {
				BUNDLE_LOADER = "$(TEST_HOST)";
				CODE_SIGN_STYLE = Automatic;
				CURRENT_PROJECT_VERSION = 1;
				DEVELOPMENT_TEAM = YWJU9P6KL8;
				GENERATE_INFOPLIST_FILE = YES;
				INFOPLIST_KEY_CFBundleShortVersionString = "$(MARKETING_VERSION)";
				INFOPLIST_KEY_CFBundleVersion = "$(CURRENT_PROJECT_VERSION)";
				MACOSX_DEPLOYMENT_TARGET = 15.5;
				MARKETING_VERSION = 1.0;
				PRODUCT_BUNDLE_IDENTIFIER = com.naszcyniec.ShowroomAgentMVPTests;
				PRODUCT_NAME = "$(TARGET_NAME)";
				STRING_CATALOG_GENERATE_SYMBOLS = NO;
				SWIFT_APPROACHABLE_CONCURRENCY = YES;
				SWIFT_EMIT_LOC_STRINGS = NO;
				SWIFT_UPCOMING_FEATURE_MEMBER_IMPORT_VISIBILITY = YES;
				SWIFT_VERSION = 6.1;
				TEST_HOST = "$(BUILT_PRODUCTS_DIR)/ShowroomAgentMVP.app/$(BUNDLE_EXECUTABLE_FOLDER_PATH)/ShowroomAgentMVP";
			};
			name = Debug;
		};
		42219FD22E426DF40011E5DC /* Release */ = {
			isa = XCBuildConfiguration;
			buildSettings = {
				BUNDLE_LOADER = "$(TEST_HOST)";
				CODE_SIGN_STYLE = Automatic;
				CURRENT_PROJECT_VERSION = 1;
				DEVELOPMENT_TEAM = YWJU9P6KL8;
				GENERATE_INFOPLIST_FILE = YES;
				INFOPLIST_KEY_CFBundleShortVersionString = "$(MARKETING_VERSION)";
				INFOPLIST_KEY_CFBundleVersion = "$(CURRENT_PROJECT_VERSION)";
				MACOSX_DEPLOYMENT_TARGET = 15.5;
				MARKETING_VERSION = 1.0;
				PRODUCT_BUNDLE_IDENTIFIER = com.naszcyniec.ShowroomAgentMVPTests;
				PRODUCT_NAME = "$(TARGET_NAME)";
				STRING_CATALOG_GENERATE_SYMBOLS = NO;
				SWIFT_APPROACHABLE_CONCURRENCY = YES;
				SWIFT_EMIT_LOC_STRINGS = NO;
				SWIFT_UPCOMING_FEATURE_MEMBER_IMPORT_VISIBILITY = YES;
				SWIFT_VERSION = 6.1;
				TEST_HOST = "$(BUILT_PRODUCTS_DIR)/ShowroomAgentMVP.app/$(BUNDLE_EXECUTABLE_FOLDER_PATH)/ShowroomAgentMVP";
			};
			name = Release;
		};
		42219FD42E426DF40011E5DC /* Debug */ = {
			isa = XCBuildConfiguration;
			buildSettings = {
				CODE_SIGN_STYLE = Automatic;
				CURRENT_PROJECT_VERSION = 1;
				DEVELOPMENT_TEAM = YWJU9P6KL8;
				GENERATE_INFOPLIST_FILE = YES;
				INFOPLIST_KEY_CFBundleShortVersionString = "$(MARKETING_VERSION)";
				INFOPLIST_KEY_CFBundleVersion = "$(CURRENT_PROJECT_VERSION)";
				MARKETING_VERSION = 1.0;
				PRODUCT_BUNDLE_IDENTIFIER = com.naszcyniec.ShowroomAgentMVPUITests;
				PRODUCT_NAME = "$(TARGET_NAME)";
				STRING_CATALOG_GENERATE_SYMBOLS = NO;
				SWIFT_APPROACHABLE_CONCURRENCY = YES;
				SWIFT_EMIT_LOC_STRINGS = NO;
				SWIFT_UPCOMING_FEATURE_MEMBER_IMPORT_VISIBILITY = YES;
				SWIFT_VERSION = 6.1;
				TEST_TARGET_NAME = ShowroomAgentMVP;
			};
			name = Debug;
		};
		42219FD52E426DF40011E5DC /* Release */ = {
			isa = XCBuildConfiguration;
			buildSettings = {
				CODE_SIGN_STYLE = Automatic;
				CURRENT_PROJECT_VERSION = 1;
				DEVELOPMENT_TEAM = YWJU9P6KL8;
				GENERATE_INFOPLIST_FILE = YES;
				INFOPLIST_KEY_CFBundleShortVersionString = "$(MARKETING_VERSION)";
				INFOPLIST_KEY_CFBundleVersion = "$(CURRENT_PROJECT_VERSION)";
				MARKETING_VERSION = 1.0;
				PRODUCT_BUNDLE_IDENTIFIER = com.naszcyniec.ShowroomAgentMVPUITests;
				PRODUCT_NAME = "$(TARGET_NAME)";
				STRING_CATALOG_GENERATE_SYMBOLS = NO;
				SWIFT_APPROACHABLE_CONCURRENCY = YES;
				SWIFT_EMIT_LOC_STRINGS = NO;
				SWIFT_UPCOMING_FEATURE_MEMBER_IMPORT_VISIBILITY = YES;
				SWIFT_VERSION = 6.1;
				TEST_TARGET_NAME = ShowroomAgentMVP;
			};
			name = Release;
		};
/* End XCBuildConfiguration section */

/* Begin XCConfigurationList section */
		42219FA52E426DF30011E5DC /* Build configuration list for PBXProject "ShowroomAgentMVP" */ = {
			isa = XCConfigurationList;
			buildConfigurations = (
				42219FCB2E426DF40011E5DC /* Debug */,
				42219FCC2E426DF40011E5DC /* Release */,
			);
			defaultConfigurationIsVisible = 0;
			defaultConfigurationName = Release;
		};
		42219FCD2E426DF40011E5DC /* Build configuration list for PBXNativeTarget "ShowroomAgentMVP" */ = {
			isa = XCConfigurationList;
			buildConfigurations = (
				42219FCE2E426DF40011E5DC /* Debug */,
				42219FCF2E426DF40011E5DC /* Release */,
			);
			defaultConfigurationIsVisible = 0;
			defaultConfigurationName = Release;
		};
		42219FD02E426DF40011E5DC /* Build configuration list for PBXNativeTarget "ShowroomAgentMVPTests" */ = {
			isa = XCConfigurationList;
			buildConfigurations = (
				42219FD12E426DF40011E5DC /* Debug */,
				42219FD22E426DF40011E5DC /* Release */,
			);
			defaultConfigurationIsVisible = 0;
			defaultConfigurationName = Release;
		};
		42219FD32E426DF40011E5DC /* Build configuration list for PBXNativeTarget "ShowroomAgentMVPUITests" */ = {
			isa = XCConfigurationList;
			buildConfigurations = (
				42219FD42E426DF40011E5DC /* Debug */,
				42219FD52E426DF40011E5DC /* Release */,
			);
			defaultConfigurationIsVisible = 0;
			defaultConfigurationName = Release;
		};
/* End XCConfigurationList section */

/* Begin XCRemoteSwiftPackageReference section */
		42B1AA5F2E788A3F00A424A3 /* XCRemoteSwiftPackageReference "ShowroomParser" */ = {
			isa = XCRemoteSwiftPackageReference;
			repositoryURL = "https://github.com/RichNasz/ShowroomParser.git";
			requirement = {
				branch = main;
				kind = branch;
			};
		};
		42B1AA622E788A5F00A424A3 /* XCRemoteSwiftPackageReference "SwiftChatCompletionsDSL" */ = {
			isa = XCRemoteSwiftPackageReference;
			repositoryURL = "https://github.com/RichNasz/SwiftChatCompletionsDSL.git";
			requirement = {
				branch = main;
				kind = branch;
			};
		};
		42B5DCDA2E70BF9600F3716E /* XCRemoteSwiftPackageReference "Yams" */ = {
			isa = XCRemoteSwiftPackageReference;
			repositoryURL = "https://github.com/jpsim/Yams";
			requirement = {
				kind = upToNextMajorVersion;
				minimumVersion = 6.1.0;
			};
		};
		42FF4D772E7B2D9D006404CE /* XCRemoteSwiftPackageReference "swift-markdown-ui" */ = {
			isa = XCRemoteSwiftPackageReference;
			repositoryURL = "https://github.com/gonzalezreal/swift-markdown-ui.git";
			requirement = {
				kind = exactVersion;
				version = 2.4.1;
			};
		};
/* End XCRemoteSwiftPackageReference section */

/* Begin XCSwiftPackageProductDependency section */
		42B1AA602E788A3F00A424A3 /* ShowroomParser */ = {
			isa = XCSwiftPackageProductDependency;
			package = 42B1AA5F2E788A3F00A424A3 /* XCRemoteSwiftPackageReference "ShowroomParser" */;
			productName = ShowroomParser;
		};
		42B1AA632E788A5F00A424A3 /* SwiftChatCompletionsDSL */ = {
			isa = XCSwiftPackageProductDependency;
			package = 42B1AA622E788A5F00A424A3 /* XCRemoteSwiftPackageReference "SwiftChatCompletionsDSL" */;
			productName = SwiftChatCompletionsDSL;
		};
		42B5DC2D2E70B7F600F3716E /* SwiftChatCompletionsDSL */ = {
			isa = XCSwiftPackageProductDependency;
			productName = SwiftChatCompletionsDSL;
		};
		42B5DCDB2E70BF9600F3716E /* Yams */ = {
			isa = XCSwiftPackageProductDependency;
			package = 42B5DCDA2E70BF9600F3716E /* XCRemoteSwiftPackageReference "Yams" */;
			productName = Yams;
		};
		42B5DCDD2E70BFE300F3716E /* Yams */ = {
			isa = XCSwiftPackageProductDependency;
			package = 42B5DCDA2E70BF9600F3716E /* XCRemoteSwiftPackageReference "Yams" */;
			productName = Yams;
		};
		42FF4D782E7B2D9D006404CE /* MarkdownUI */ = {
			isa = XCSwiftPackageProductDependency;
			package = 42FF4D772E7B2D9D006404CE /* XCRemoteSwiftPackageReference "swift-markdown-ui" */;
			productName = MarkdownUI;
		};
/* End XCSwiftPackageProductDependency section */
	};
	rootObject = 42219FA22E426DF30011E5DC /* Project object */;
}
