// !$*UTF8*$!
{
	archiveVersion = 1;
	classes = {
	};
	objectVersion = 77;
	objects = {

/* Begin PBXContainerItemProxy section */
		42219FBA2E426DF40011E5DC /* PBXContainerItemProxy */ = {
			isa = PBXContainerItemProxy;
			containerPortal = 42219FA22E426DF30011E5DC /* Project object */;
			proxyType = 1;
			remoteGlobalIDString = 42219FA92E426DF30011E5DC;
			remoteInfo = ShowroomAgentMVP;
		};
		42219FC42E426DF40011E5DC /* PBXContainerItemProxy */ = {
			isa = PBXContainerItemProxy;
			containerPortal = 42219FA22E426DF30011E5DC /* Project object */;
			proxyType = 1;
			remoteGlobalIDString = 42219FA92E426DF30011E5DC;
			remoteInfo = ShowroomAgentMVP;
		};
/* End PBXContainerItemProxy section */

/* Begin PBXFileReference section */
		42219FAA2E426DF30011E5DC /* ShowroomAgentMVP.app */ = {isa = PBXFileReference; explicitFileType = wrapper.application; includeInIndex = 0; path = ShowroomAgentMVP.app; sourceTree = BUILT_PRODUCTS_DIR; };
		42219FB92E426DF40011E5DC /* ShowroomAgentMVPTests.xctest */ = {isa = PBXFileReference; explicitFileType = wrapper.cfbundle; includeInIndex = 0; path = ShowroomAgentMVPTests.xctest; sourceTree = BUILT_PRODUCTS_DIR; };
		42219FC32E426DF40011E5DC /* ShowroomAgentMVPUITests.xctest */ = {isa = PBXFileReference; explicitFileType = wrapper.cfbundle; includeInIndex = 0; path = ShowroomAgentMVPUITests.xctest; sourceTree = BUILT_PRODUCTS_DIR; };
/* End PBXFileReference section */

/* Begin PBXFileSystemSynchronizedRootGroup section */
		42219FAC2E426DF30011E5DC /* ShowroomAgentMVP */ = {
			isa = PBXFileSystemSynchronizedRootGroup;
			path = ShowroomAgentMVP;
			sourceTree = "<group>";
		};
		42219FBC2E426DF40011E5DC /* ShowroomAgentMVPTests */ = {
			isa = PBXFileSystemSynchronizedRootGroup;
			path = ShowroomAgentMVPTests;
			sourceTree = "<group>";
		};
		42219FC62E426DF40011E5DC /* ShowroomAgentMVPUITests */ = {
			isa = PBXFileSystemSynchronizedRootGroup;
			path = ShowroomAgentMVPUITests;
			sourceTree = "<group>";
		};
/* End PBXFileSystemSynchronizedRootGroup section */

/* Begin PBXFrameworksBuildPhase section */
		42219FA72E426DF30011E5DC /* Frameworks */ = {
			isa = PBXFrameworksBuildPhase;
			buildActionMask = 2147483647;
			files = (
			);
			runOnlyForDeploymentPostprocessing = 0;
		};
		42219FB62E426DF40011E5DC /* Frameworks */ = {
			isa = PBXFrameworksBuildPhase;
			buildActionMask = 2147483647;
			files = (
			);
			runOnlyForDeploymentPostprocessing = 0;
		};
		42219FC02E426DF40011E5DC /* Frameworks */ = {
			isa = PBXFrameworksBuildPhase;
			buildActionMask = 2147483647;
			files = (
			);
			runOnlyForDeploymentPostprocessing = 0;
		};
/* End PBXFrameworksBuildPhase section */

/* Begin PBXGroup section */
		42219FA12E426DF30011E5DC = {
			isa = PBXGroup;
			children = (
				42219FAC2E426DF30011E5DC /* ShowroomAgentMVP */,
				42219FBC2E426DF40011E5DC /* ShowroomAgentMVPTests */,
				42219FC62E426DF40011E5DC /* ShowroomAgentMVPUITests */,
				42219FAB2E426DF30011E5DC /* Products */,
			);
			sourceTree = "<group>";
		};
		42219FAB2E426DF30011E5DC /* Products */ = {
			isa = PBXGroup;
			children = (
				42219FAA2E426DF30011E5DC /* ShowroomAgentMVP.app */,
				42219FB92E426DF40011E5DC /* ShowroomAgentMVPTests.xctest */,
				42219FC32E426DF40011E5DC /* ShowroomAgentMVPUITests.xctest */,
			);
			name = Products;
			sourceTree = "<group>";
		};
/* End PBXGroup section */

/* Begin PBXNativeTarget section */
		42219FA92E426DF30011E5DC /* ShowroomAgentMVP */ = {
			isa = PBXNativeTarget;
			buildConfigurationList = 42219FCD2E426DF40011E5DC /* Build configuration list for PBXNativeTarget "ShowroomAgentMVP" */;
			buildPhases = (
				42219FA62E426DF30011E5DC /* Sources */,
				42219FA72E426DF30011E5DC /* Frameworks */,
				42219FA82E426DF30011E5DC /* Resources */,
			);
			buildRules = (
			);
			dependencies = (
			);
			fileSystemSynchronizedGroups = (
				42219FAC2E426DF30011E5DC /* ShowroomAgentMVP */,
			);
			name = ShowroomAgentMVP;
			packageProductDependencies = (
			);
			productName = ShowroomAgentMVP;
			productReference = 42219FAA2E426DF30011E5DC /* ShowroomAgentMVP.app */;
			productType = "com.apple.product-type.application";
		};
		42219FB82E426DF40011E5DC /* ShowroomAgentMVPTests */ = {
			isa = PBXNativeTarget;
			buildConfigurationList = 42219FD02E426DF40011E5DC /* Build configuration list for PBXNativeTarget "ShowroomAgentMVPTests" */;
			buildPhases = (
				42219FB52E426DF40011E5DC /* Sources */,
				42219FB62E426DF40011E5DC /* Frameworks */,
				42219FB72E426DF40011E5DC /* Resources */,
			);
			buildRules = (
			);
			dependencies = (
				42219FBB2E426DF40011E5DC /* PBXTargetDependency */,
			);
			fileSystemSynchronizedGroups = (
				42219FBC2E426DF40011E5DC /* ShowroomAgentMVPTests */,
			);
			name = ShowroomAgentMVPTests;
			packageProductDependencies = (
			);
			productName = ShowroomAgentMVPTests;
			productReference = 42219FB92E426DF40011E5DC /* ShowroomAgentMVPTests.xctest */;
			productType = "com.apple.product-type.bundle.unit-test";
		};
		42219FC22E426DF40011E5DC /* ShowroomAgentMVPUITests */ = {
			isa = PBXNativeTarget;
			buildConfigurationList = 42219FD32E426DF40011E5DC /* Build configuration list for PBXNativeTarget "ShowroomAgentMVPUITests" */;
			buildPhases = (
				42219FBF2E426DF40011E5DC /* Sources */,
				42219FC02E426DF40011E5DC /* Frameworks */,
				42219FC12E426DF40011E5DC /* Resources */,
			);
			buildRules = (
			);
			dependencies = (
				42219FC52E426DF40011E5DC /* PBXTargetDependency */,
			);
			fileSystemSynchronizedGroups = (
				42219FC62E426DF40011E5DC /* ShowroomAgentMVPUITests */,
			);
			name = ShowroomAgentMVPUITests;
			packageProductDependencies = (
			);
			productName = ShowroomAgentMVPUITests;
			productReference = 42219FC32E426DF40011E5DC /* ShowroomAgentMVPUITests.xctest */;
			productType = "com.apple.product-type.bundle.ui-testing";
		};
/* End PBXNativeTarget section */

/* Begin PBXProject section */
		42219FA22E426DF30011E5DC /* Project object */ = {
			isa = PBXProject;
			attributes = {
				BuildIndependentTargetsInParallel = 1;
				LastSwiftUpdateCheck = 2600;
				LastUpgradeCheck = 2600;
				TargetAttributes = {
					42219FA92E426DF30011E5DC = {
						CreatedOnToolsVersion = 26.0;
					};
					42219FB82E426DF40011E5DC = {
						CreatedOnToolsVersion = 26.0;
						TestTargetID = 42219FA92E426DF30011E5DC;
					};
					42219FC22E426DF40011E5DC = {
						CreatedOnToolsVersion = 26.0;
						TestTargetID = 42219FA92E426DF30011E5DC;
					};
				};
			};
			buildConfigurationList = 42219FA52E426DF30011E5DC /* Build configuration list for PBXProject "ShowroomAgentMVP" */;
			developmentRegion = en;
			hasScannedForEncodings = 0;
			knownRegions = (
				en,
				Base,
			);
			mainGroup = 42219FA12E426DF30011E5DC;
			minimizedProjectReferenceProxies = 1;
			preferredProjectObjectVersion = 77;
			productRefGroup = 42219FAB2E426DF30011E5DC /* Products */;
			projectDirPath = "";
			projectRoot = "";
			targets = (
				42219FA92E426DF30011E5DC /* ShowroomAgentMVP */,
				42219FB82E426DF40011E5DC /* ShowroomAgentMVPTests */,
				42219FC22E426DF40011E5DC /* ShowroomAgentMVPUITests */,
			);
		};
/* End PBXProject section */

/* Begin PBXResourcesBuildPhase section */
		42219FA82E426DF30011E5DC /* Resources */ = {
			isa = PBXResourcesBuildPhase;
			buildActionMask = 2147483647;
			files = (
			);
			runOnlyForDeploymentPostprocessing = 0;
		};
		42219FB72E426DF40011E5DC /* Resources */ = {
			isa = PBXResourcesBuildPhase;
			buildActionMask = 2147483647;
			files = (
			);
			runOnlyForDeploymentPostprocessing = 0;
		};
		42219FC12E426DF40011E5DC /* Resources */ = {
			isa = PBXResourcesBuildPhase;
			buildActionMask = 2147483647;
			files = (
			);
			runOnlyForDeploymentPostprocessing = 0;
		};
/* End PBXResourcesBuildPhase section */

/* Begin PBXSourcesBuildPhase section */
		42219FA62E426DF30011E5DC /* Sources */ = {
			isa = PBXSourcesBuildPhase;
			buildActionMask = 2147483647;
			files = (
			);
			runOnlyForDeploymentPostprocessing = 0;
		};
		42219FB52E426DF40011E5DC /* Sources */ = {
			isa = PBXSourcesBuildPhase;
			buildActionMask = 2147483647;
			files = (
			);
			runOnlyForDeploymentPostprocessing = 0;
		};
		42219FBF2E426DF40011E5DC /* Sources */ = {
			isa = PBXSourcesBuildPhase;
			buildActionMask = 2147483647;
			files = (
			);
			runOnlyForDeploymentPostprocessing = 0;
		};
/* End PBXSourcesBuildPhase section */

/* Begin PBXTargetDependency section */
		42219FBB2E426DF40011E5DC /* PBXTargetDependency */ = {
			isa = PBXTargetDependency;
			target = 42219FA92E426DF30011E5DC /* ShowroomAgentMVP */;
			targetProxy = 42219FBA2E426DF40011E5DC /* PBXContainerItemProxy */;
		};
		42219FC52E426DF40011E5DC /* PBXTargetDependency */ = {
			isa = PBXTargetDependency;
			target = 42219FA92E426DF30011E5DC /* ShowroomAgentMVP */;
			targetProxy = 42219FC42E426DF40011E5DC /* PBXContainerItemProxy */;
		};
/* End PBXTargetDependency section */

/* Begin XCBuildConfiguration section */
		42219FCB2E426DF40011E5DC /* Debug */ = {
			isa = XCBuildConfiguration;
			buildSettings = {
				ALWAYS_SEARCH_USER_PATHS = NO;
				ASSETCATALOG_COMPILER_GENERATE_SWIFT_ASSET_SYMBOL_EXTENSIONS = YES;
				CLANG_ANALYZER_NONNULL = YES;
				CLANG_ANALYZER_NUMBER_OBJECT_CONVERSION = YES_AGGRESSIVE;
				CLANG_CXX_LANGUAGE_STANDARD = "gnu++20";
				CLANG_ENABLE_MODULES = YES;
				CLANG_ENABLE_OBJC_ARC = YES;
				CLANG_ENABLE_OBJC_WEAK = YES;
				CLANG_WARN_BLOCK_CAPTURE_AUTORELEASING = YES;
				CLANG_WARN_BOOL_CONVERSION = YES;
				CLANG_WARN_COMMA = YES;
				CLANG_WARN_CONSTANT_CONVERSION = YES;
				CLANG_WARN_DEPRECATED_OBJC_IMPLEMENTATIONS = YES;
				CLANG_WARN_DIRECT_OBJC_ISA_USAGE = YES_ERROR;
				CLANG_WARN_DOCUMENTATION_COMMENTS = YES;
				CLANG_WARN_EMPTY_BODY = YES;
				CLANG_WARN_ENUM_CONVERSION = YES;
				CLANG_WARN_INFINITE_RECURSION = YES;
				CLANG_WARN_INT_CONVERSION = YES;
				CLANG_WARN_NON_LITERAL_NULL_CONVERSION = YES;
				CLANG_WARN_OBJC_IMPLICIT_RETAIN_SELF = YES;
				CLANG_WARN_OBJC_LITERAL_CONVERSION = YES;
				CLANG_WARN_OBJC_ROOT_CLASS = YES_ERROR;
				CLANG_WARN_QUOTED_INCLUDE_IN_FRAMEWORK_HEADER = YES;
				CLANG_WARN_RANGE_LOOP_ANALYSIS = YES;
				CLANG_WARN_STRICT_PROTOTYPES = YES;
				CLANG_WARN_SUSPICIOUS_MOVE = YES;
				CLANG_WARN_UNGUARDED_AVAILABILITY = YES_AGGRESSIVE;
				CLANG_WARN_UNREACHABLE_CODE = YES;
				CLANG_WARN__DUPLICATE_METHOD_MATCH = YES;
				COPY_PHASE_STRIP = NO;
				DEBUG_INFORMATION_FORMAT = dwarf;
				DEVELOPMENT_TEAM = YWJU9P6KL8;
				ENABLE_STRICT_OBJC_MSGSEND = YES;
				ENABLE_TESTABILITY = YES;
				ENABLE_USER_SCRIPT_SANDBOXING = YES;
				GCC_C_LANGUAGE_STANDARD = gnu17;
				GCC_DYNAMIC_NO_PIC = NO;
				GCC_NO_COMMON_BLOCKS = YES;
				GCC_OPTIMIZATION_LEVEL = 0;
				GCC_PREPROCESSOR_DEFINITIONS = (
					"DEBUG=1",
					"$(inherited)",
				);
				GCC_WARN_64_TO_32_BIT_CONVERSION = YES;
				GCC_WARN_ABOUT_RETURN_TYPE = YES_ERROR;
				GCC_WARN_UNDECLARED_SELECTOR = YES;
				GCC_WARN_UNINITIALIZED_AUTOS = YES_AGGRESSIVE;
				GCC_WARN_UNUSED_FUNCTION = YES;
				GCC_WARN_UNUSED_VARIABLE = YES;
				LOCALIZATION_PREFERS_STRING_CATALOGS = YES;
				MACOSX_DEPLOYMENT_TARGET = 15.5;
				MTL_ENABLE_DEBUG_INFO = INCLUDE_SOURCE;
				MTL_FAST_MATH = YES;
				ONLY_ACTIVE_ARCH = YES;
				SDKROOT = macosx;
				SWIFT_ACTIVE_COMPILATION_CONDITIONS = "DEBUG $(inherited)";
				SWIFT_OPTIMIZATION_LEVEL = "-Onone";
			};
			name = Debug;
		};
		42219FCC2E426DF40011E5DC /* Release */ = {
			isa = XCBuildConfiguration;
			buildSettings = {
				ALWAYS_SEARCH_USER_PATHS = NO;
				ASSETCATALOG_COMPILER_GENERATE_SWIFT_ASSET_SYMBOL_EXTENSIONS = YES;
				CLANG_ANALYZER_NONNULL = YES;
				CLANG_ANALYZER_NUMBER_OBJECT_CONVERSION = YES_AGGRESSIVE;
				CLANG_CXX_LANGUAGE_STANDARD = "gnu++20";
				CLANG_ENABLE_MODULES = YES;
				CLANG_ENABLE_OBJC_ARC = YES;
				CLANG_ENABLE_OBJC_WEAK = YES;
				CLANG_WARN_BLOCK_CAPTURE_AUTORELEASING = YES;
				CLANG_WARN_BOOL_CONVERSION = YES;
				CLANG_WARN_COMMA = YES;
				CLANG_WARN_CONSTANT_CONVERSION = YES;
				CLANG_WARN_DEPRECATED_OBJC_IMPLEMENTATIONS = YES;
				CLANG_WARN_DIRECT_OBJC_ISA_USAGE = YES_ERROR;
				CLANG_WARN_DOCUMENTATION_COMMENTS = YES;
				CLANG_WARN_EMPTY_BODY = YES;
				CLANG_WARN_ENUM_CONVERSION = YES;
				CLANG_WARN_INFINITE_RECURSION = YES;
				CLANG_WARN_INT_CONVERSION = YES;
				CLANG_WARN_NON_LITERAL_NULL_CONVERSION = YES;
				CLANG_WARN_OBJC_IMPLICIT_RETAIN_SELF = YES;
				CLANG_WARN_OBJC_LITERAL_CONVERSION = YES;
				CLANG_WARN_OBJC_ROOT_CLASS = YES_ERROR;
				CLANG_WARN_QUOTED_INCLUDE_IN_FRAMEWORK_HEADER = YES;
				CLANG_WARN_RANGE_LOOP_ANALYSIS = YES;
				CLANG_WARN_STRICT_PROTOTYPES = YES;
				CLANG_WARN_SUSPICIOUS_MOVE = YES;
				CLANG_WARN_UNGUARDED_AVAILABILITY = YES_AGGRESSIVE;
				CLANG_WARN_UNREACHABLE_CODE = YES;
				CLANG_WARN__DUPLICATE_METHOD_MATCH = YES;
				COPY_PHASE_STRIP = NO;
				DEBUG_INFORMATION_FORMAT = "dwarf-with-dsym";
				DEVELOPMENT_TEAM = YWJU9P6KL8;
				ENABLE_NS_ASSERTIONS = NO;
				ENABLE_STRICT_OBJC_MSGSEND = YES;
				ENABLE_USER_SCRIPT_SANDBOXING = YES;
				GCC_C_LANGUAGE_STANDARD = gnu17;
				GCC_NO_COMMON_BLOCKS = YES;
				GCC_WARN_64_TO_32_BIT_CONVERSION = YES;
				GCC_WARN_ABOUT_RETURN_TYPE = YES_ERROR;
				GCC_WARN_UNDECLARED_SELECTOR = YES;
				GCC_WARN_UNINITIALIZED_AUTOS = YES_AGGRESSIVE;
				GCC_WARN_UNUSED_FUNCTION = YES;
				GCC_WARN_UNUSED_VARIABLE = YES;
				LOCALIZATION_PREFERS_STRING_CATALOGS = YES;
				MACOSX_DEPLOYMENT_TARGET = 15.5;
				MTL_ENABLE_DEBUG_INFO = NO;
				MTL_FAST_MATH = YES;
				SDKROOT = macosx;
				SWIFT_COMPILATION_MODE = wholemodule;
			};
			name = Release;
		};
		42219FCE2E426DF40011E5DC /* Debug */ = {
			isa = XCBuildConfiguration;
			buildSettings = {
				ASSETCATALOG_COMPILER_APPICON_NAME = AppIcon;
				ASSETCATALOG_COMPILER_GLOBAL_ACCENT_COLOR_NAME = AccentColor;
				CODE_SIGN_STYLE = Automatic;
				COMBINE_HIDPI_IMAGES = YES;
				CURRENT_PROJECT_VERSION = 1;
				DEVELOPMENT_TEAM = YWJU9P6KL8;
				ENABLE_APP_SANDBOX = YES;
				ENABLE_HARDENED_RUNTIME = YES;
				ENABLE_PREVIEWS = YES;
				ENABLE_USER_SELECTED_FILES = readonly;
				GENERATE_INFOPLIST_FILE = YES;
				INFOPLIST_KEY_NSHumanReadableCopyright = "";
				LD_RUNPATH_SEARCH_PATHS = (
					"$(inherited)",
					"@executable_path/../Frameworks",
				);
				MARKETING_VERSION = 1.0;
				PRODUCT_BUNDLE_IDENTIFIER = com.naszcyniec.ShowroomAgentMVP;
				PRODUCT_NAME = "$(TARGET_NAME)";
				REGISTER_APP_GROUPS = YES;
				STRING_CATALOG_GENERATE_SYMBOLS = YES;
				SWIFT_APPROACHABLE_CONCURRENCY = YES;
				SWIFT_DEFAULT_ACTOR_ISOLATION = MainActor;
				SWIFT_EMIT_LOC_STRINGS = YES;
				SWIFT_UPCOMING_FEATURE_MEMBER_IMPORT_VISIBILITY = YES;
				SWIFT_VERSION = 5.0;
			};
			name = Debug;
		};
		42219FCF2E426DF40011E5DC /* Release */ = {
			isa = XCBuildConfiguration;
			buildSettings = {
				ASSETCATALOG_COMPILER_APPICON_NAME = AppIcon;
				ASSETCATALOG_COMPILER_GLOBAL_ACCENT_COLOR_NAME = AccentColor;
				CODE_SIGN_STYLE = Automatic;
				COMBINE_HIDPI_IMAGES = YES;
				CURRENT_PROJECT_VERSION = 1;
				DEVELOPMENT_TEAM = YWJU9P6KL8;
				ENABLE_APP_SANDBOX = YES;
				ENABLE_HARDENED_RUNTIME = YES;
				ENABLE_PREVIEWS = YES;
				ENABLE_USER_SELECTED_FILES = readonly;
				GENERATE_INFOPLIST_FILE = YES;
				INFOPLIST_KEY_NSHumanReadableCopyright = "";
				LD_RUNPATH_SEARCH_PATHS = (
					"$(inherited)",
					"@executable_path/../Frameworks",
				);
				MARKETING_VERSION = 1.0;
				PRODUCT_BUNDLE_IDENTIFIER = com.naszcyniec.ShowroomAgentMVP;
				PRODUCT_NAME = "$(TARGET_NAME)";
				REGISTER_APP_GROUPS = YES;
				STRING_CATALOG_GENERATE_SYMBOLS = YES;
				SWIFT_APPROACHABLE_CONCURRENCY = YES;
				SWIFT_DEFAULT_ACTOR_ISOLATION = MainActor;
				SWIFT_EMIT_LOC_STRINGS = YES;
				SWIFT_UPCOMING_FEATURE_MEMBER_IMPORT_VISIBILITY = YES;
				SWIFT_VERSION = 5.0;
			};
			name = Release;
		};
		42219FD12E426DF40011E5DC /* Debug */ = {
			isa = XCBuildConfiguration;
			buildSettings = {
				BUNDLE_LOADER = "$(TEST_HOST)";
				CODE_SIGN_STYLE = Automatic;
				CURRENT_PROJECT_VERSION = 1;
				DEVELOPMENT_TEAM = YWJU9P6KL8;
				GENERATE_INFOPLIST_FILE = YES;
				MACOSX_DEPLOYMENT_TARGET = 15.5;
				MARKETING_VERSION = 1.0;
				PRODUCT_BUNDLE_IDENTIFIER = com.naszcyniec.ShowroomAgentMVPTests;
				PRODUCT_NAME = "$(TARGET_NAME)";
				STRING_CATALOG_GENERATE_SYMBOLS = NO;
				SWIFT_APPROACHABLE_CONCURRENCY = YES;
				SWIFT_EMIT_LOC_STRINGS = NO;
				SWIFT_UPCOMING_FEATURE_MEMBER_IMPORT_VISIBILITY = YES;
				SWIFT_VERSION = 5.0;
				TEST_HOST = "$(BUILT_PRODUCTS_DIR)/ShowroomAgentMVP.app/$(BUNDLE_EXECUTABLE_FOLDER_PATH)/ShowroomAgentMVP";
			};
			name = Debug;
		};
		42219FD22E426DF40011E5DC /* Release */ = {
			isa = XCBuildConfiguration;
			buildSettings = {
				BUNDLE_LOADER = "$(TEST_HOST)";
				CODE_SIGN_STYLE = Automatic;
				CURRENT_PROJECT_VERSION = 1;
				DEVELOPMENT_TEAM = YWJU9P6KL8;
				GENERATE_INFOPLIST_FILE = YES;
				MACOSX_DEPLOYMENT_TARGET = 15.5;
				MARKETING_VERSION = 1.0;
				PRODUCT_BUNDLE_IDENTIFIER = com.naszcyniec.ShowroomAgentMVPTests;
				PRODUCT_NAME = "$(TARGET_NAME)";
				STRING_CATALOG_GENERATE_SYMBOLS = NO;
				SWIFT_APPROACHABLE_CONCURRENCY = YES;
				SWIFT_EMIT_LOC_STRINGS = NO;
				SWIFT_UPCOMING_FEATURE_MEMBER_IMPORT_VISIBILITY = YES;
				SWIFT_VERSION = 5.0;
				TEST_HOST = "$(BUILT_PRODUCTS_DIR)/ShowroomAgentMVP.app/$(BUNDLE_EXECUTABLE_FOLDER_PATH)/ShowroomAgentMVP";
			};
			name = Release;
		};
		42219FD42E426DF40011E5DC /* Debug */ = {
			isa = XCBuildConfiguration;
			buildSettings = {
				CODE_SIGN_STYLE = Automatic;
				CURRENT_PROJECT_VERSION = 1;
				DEVELOPMENT_TEAM = YWJU9P6KL8;
				GENERATE_INFOPLIST_FILE = YES;
				MARKETING_VERSION = 1.0;
				PRODUCT_BUNDLE_IDENTIFIER = com.naszcyniec.ShowroomAgentMVPUITests;
				PRODUCT_NAME = "$(TARGET_NAME)";
				STRING_CATALOG_GENERATE_SYMBOLS = NO;
				SWIFT_APPROACHABLE_CONCURRENCY = YES;
				SWIFT_EMIT_LOC_STRINGS = NO;
				SWIFT_UPCOMING_FEATURE_MEMBER_IMPORT_VISIBILITY = YES;
				SWIFT_VERSION = 5.0;
				TEST_TARGET_NAME = ShowroomAgentMVP;
			};
			name = Debug;
		};
		42219FD52E426DF40011E5DC /* Release */ = {
			isa = XCBuildConfiguration;
			buildSettings = {
				CODE_SIGN_STYLE = Automatic;
				CURRENT_PROJECT_VERSION = 1;
				DEVELOPMENT_TEAM = YWJU9P6KL8;
				GENERATE_INFOPLIST_FILE = YES;
				MARKETING_VERSION = 1.0;
				PRODUCT_BUNDLE_IDENTIFIER = com.naszcyniec.ShowroomAgentMVPUITests;
				PRODUCT_NAME = "$(TARGET_NAME)";
				STRING_CATALOG_GENERATE_SYMBOLS = NO;
				SWIFT_APPROACHABLE_CONCURRENCY = YES;
				SWIFT_EMIT_LOC_STRINGS = NO;
				SWIFT_UPCOMING_FEATURE_MEMBER_IMPORT_VISIBILITY = YES;
				SWIFT_VERSION = 5.0;
				TEST_TARGET_NAME = ShowroomAgentMVP;
			};
			name = Release;
		};
/* End XCBuildConfiguration section */

/* Begin XCConfigurationList section */
		42219FA52E426DF30011E5DC /* Build configuration list for PBXProject "ShowroomAgentMVP" */ = {
			isa = XCConfigurationList;
			buildConfigurations = (
				42219FCB2E426DF40011E5DC /* Debug */,
				42219FCC2E426DF40011E5DC /* Release */,
			);
			defaultConfigurationIsVisible = 0;
			defaultConfigurationName = Release;
		};
		42219FCD2E426DF40011E5DC /* Build configuration list for PBXNativeTarget "ShowroomAgentMVP" */ = {
			isa = XCConfigurationList;
			buildConfigurations = (
				42219FCE2E426DF40011E5DC /* Debug */,
				42219FCF2E426DF40011E5DC /* Release */,
			);
			defaultConfigurationIsVisible = 0;
			defaultConfigurationName = Release;
		};
		42219FD02E426DF40011E5DC /* Build configuration list for PBXNativeTarget "ShowroomAgentMVPTests" */ = {
			isa = XCConfigurationList;
			buildConfigurations = (
				42219FD12E426DF40011E5DC /* Debug */,
				42219FD22E426DF40011E5DC /* Release */,
			);
			defaultConfigurationIsVisible = 0;
			defaultConfigurationName = Release;
		};
		42219FD32E426DF40011E5DC /* Build configuration list for PBXNativeTarget "ShowroomAgentMVPUITests" */ = {
			isa = XCConfigurationList;
			buildConfigurations = (
				42219FD42E426DF40011E5DC /* Debug */,
				42219FD52E426DF40011E5DC /* Release */,
			);
			defaultConfigurationIsVisible = 0;
			defaultConfigurationName = Release;
		};
/* End XCConfigurationList section */
	};
	rootObject = 42219FA22E426DF30011E5DC /* Project object */;
}
